
Microsoft Visual Studio Solution File, Format Version 12.00
# Visual Studio Version 17
VisualStudioVersion = 17.3.32825.248
MinimumVisualStudioVersion = 10.0.40219.1
Project("{FAE04EC0-301F-11D3-BF4B-00C04F79EFBC}") = "14688_CadastroDeVeiculos", "14688_CadastroDeVeiculos\14688_CadastroDeVeiculos.csproj", "{D84DDD89-8422-4414-9941-BE5170EF3472}"
EndProject
Global
	GlobalSection(SolutionConfigurationPlatforms) = preSolution
		Debug|Any CPU = Debug|Any CPU
		Release|Any CPU = Release|Any CPU
	EndGlobalSection
	GlobalSection(ProjectConfigurationPlatforms) = postSolution
		{D84DDD89-8422-4414-9941-BE5170EF3472}.Debug|Any CPU.ActiveCfg = Debug|Any CPU
		{D84DDD89-8422-4414-9941-BE5170EF3472}.Debug|Any CPU.Build.0 = Debug|Any CPU
		{D84DDD89-8422-4414-9941-BE5170EF3472}.Release|Any CPU.ActiveCfg = Release|Any CPU
		{D84DDD89-8422-4414-9941-BE5170EF3472}.Release|Any CPU.Build.0 = Release|Any CPU
	EndGlobalSection
	GlobalSection(SolutionProperties) = preSolution
		HideSolutionNode = FALSE
	EndGlobalSection
	GlobalSection(ExtensibilityGlobals) = postSolution
		SolutionGuid = {6743D98D-97E6-4898-BB8F-8519B26874EA}
	EndGlobalSection
EndGlobal
